
Microsoft Visual Studio Solution File, Format Version 12.00
# Visual Studio Version 17
VisualStudioVersion = 17.3.32929.385
MinimumVisualStudioVersion = 10.0.40219.1
Project("{FAE04EC0-301F-11D3-BF4B-00C04F79EFBC}") = "EmployeeManagement", "EmployeeManagement\EmployeeManagement.csproj", "{3A06F8AB-BF0C-4736-9430-B56FBE8FCB18}"
EndProject
Global
	GlobalSection(SolutionConfigurationPlatforms) = preSolution
		Debug|Any CPU = Debug|Any CPU
		Release|Any CPU = Release|Any CPU
	EndGlobalSection
	GlobalSection(ProjectConfigurationPlatforms) = postSolution
		{3A06F8AB-BF0C-4736-9430-B56FBE8FCB18}.Debug|Any CPU.ActiveCfg = Debug|Any CPU
		{3A06F8AB-BF0C-4736-9430-B56FBE8FCB18}.Debug|Any CPU.Build.0 = Debug|Any CPU
		{3A06F8AB-BF0C-4736-9430-B56FBE8FCB18}.Release|Any CPU.ActiveCfg = Release|Any CPU
		{3A06F8AB-BF0C-4736-9430-B56FBE8FCB18}.Release|Any CPU.Build.0 = Release|Any CPU
	EndGlobalSection
	GlobalSection(SolutionProperties) = preSolution
		HideSolutionNode = FALSE
	EndGlobalSection
	GlobalSection(ExtensibilityGlobals) = postSolution
		SolutionGuid = {D5E2BC96-E375-4C03-AAB8-607A518B56A8}
	EndGlobalSection
EndGlobal
